{
  "requires": true,
  "lockfileVersion": 1,
  "dependencies": {
    "collections": {
      "version": "5.0.7",
      "resolved": "https://registry.npmjs.org/collections/-/collections-5.0.7.tgz",
      "integrity": "sha1-NH54v+mdPlo4ZLbf3HvOTkAcvlQ=",
      "requires": {
        "weak-map": "1.0.5"
      }
    },
    "weak-map": {
      "version": "1.0.5",
      "resolved": "https://registry.npmjs.org/weak-map/-/weak-map-1.0.5.tgz",
      "integrity": "sha1-eWkVhNmGB/UHC9O3CkDmuyLkAes="
    }
  }
}
